
Microsoft Visual Studio Solution File, Format Version 12.00
# Visual Studio 2013
VisualStudioVersion = 12.0.21005.1
MinimumVisualStudioVersion = 10.0.40219.1
Project("{2150E333-8FDC-42A3-9474-1A3956D46DE8}") = "01-FrontEnd", "01-FrontEnd", "{B65F4CFC-2221-4C51-A84A-F1A5FD1E64DC}"
EndProject
Project("{2150E333-8FDC-42A3-9474-1A3956D46DE8}") = "02-Service", "02-Service", "{8E6C9F8E-B1E7-4981-80C2-250AA68C889B}"
EndProject
Project("{2150E333-8FDC-42A3-9474-1A3956D46DE8}") = "03-Persistence", "03-Persistence", "{54261F7F-D8D7-4AE5-9EB0-5112692C6978}"
EndProject
Project("{2150E333-8FDC-42A3-9474-1A3956D46DE8}") = "04-Common", "04-Common", "{4E86948A-409B-470B-9E37-1EC51C1D60C4}"
EndProject
Project("{2150E333-8FDC-42A3-9474-1A3956D46DE8}") = "Console", "Console", "{48E5AB65-42FD-4495-8250-80E4A2807D4A}"
EndProject
Project("{2150E333-8FDC-42A3-9474-1A3956D46DE8}") = "WebMvc", "WebMvc", "{5979656F-AE67-4A77-90B4-FA3220371493}"
EndProject
Project("{FAE04EC0-301F-11D3-BF4B-00C04F79EFBC}") = "Test", "Test\Test.csproj", "{77DC4B09-5E38-4D30-A23A-332C777CF43D}"
EndProject
Project("{FAE04EC0-301F-11D3-BF4B-00C04F79EFBC}") = "PersistenceNPoco", "PersistenceNPoco\PersistenceNPoco.csproj", "{417860B1-1A9A-49C7-B87B-42ADAC6C75EA}"
EndProject
Project("{FAE04EC0-301F-11D3-BF4B-00C04F79EFBC}") = "Service", "Service\Service.csproj", "{8310D38D-1465-411D-A565-F5AF3B54A86A}"
EndProject
Project("{2150E333-8FDC-42A3-9474-1A3956D46DE8}") = "Common", "Common", "{0F20B5F3-3BD1-4743-AF3F-2F6F1713C46E}"
EndProject
Project("{2150E333-8FDC-42A3-9474-1A3956D46DE8}") = "Model", "Model", "{17573BC5-81A9-4AFB-A345-D3CDF8D43C43}"
EndProject
Global
	GlobalSection(SolutionConfigurationPlatforms) = preSolution
		Debug|Any CPU = Debug|Any CPU
		Release|Any CPU = Release|Any CPU
	EndGlobalSection
	GlobalSection(ProjectConfigurationPlatforms) = postSolution
		{77DC4B09-5E38-4D30-A23A-332C777CF43D}.Debug|Any CPU.ActiveCfg = Debug|Any CPU
		{77DC4B09-5E38-4D30-A23A-332C777CF43D}.Debug|Any CPU.Build.0 = Debug|Any CPU
		{77DC4B09-5E38-4D30-A23A-332C777CF43D}.Release|Any CPU.ActiveCfg = Release|Any CPU
		{77DC4B09-5E38-4D30-A23A-332C777CF43D}.Release|Any CPU.Build.0 = Release|Any CPU
		{417860B1-1A9A-49C7-B87B-42ADAC6C75EA}.Debug|Any CPU.ActiveCfg = Debug|Any CPU
		{417860B1-1A9A-49C7-B87B-42ADAC6C75EA}.Debug|Any CPU.Build.0 = Debug|Any CPU
		{417860B1-1A9A-49C7-B87B-42ADAC6C75EA}.Release|Any CPU.ActiveCfg = Release|Any CPU
		{417860B1-1A9A-49C7-B87B-42ADAC6C75EA}.Release|Any CPU.Build.0 = Release|Any CPU
		{8310D38D-1465-411D-A565-F5AF3B54A86A}.Debug|Any CPU.ActiveCfg = Debug|Any CPU
		{8310D38D-1465-411D-A565-F5AF3B54A86A}.Debug|Any CPU.Build.0 = Debug|Any CPU
		{8310D38D-1465-411D-A565-F5AF3B54A86A}.Release|Any CPU.ActiveCfg = Release|Any CPU
		{8310D38D-1465-411D-A565-F5AF3B54A86A}.Release|Any CPU.Build.0 = Release|Any CPU
	EndGlobalSection
	GlobalSection(SolutionProperties) = preSolution
		HideSolutionNode = FALSE
	EndGlobalSection
	GlobalSection(NestedProjects) = preSolution
		{48E5AB65-42FD-4495-8250-80E4A2807D4A} = {B65F4CFC-2221-4C51-A84A-F1A5FD1E64DC}
		{5979656F-AE67-4A77-90B4-FA3220371493} = {B65F4CFC-2221-4C51-A84A-F1A5FD1E64DC}
		{8310D38D-1465-411D-A565-F5AF3B54A86A} = {8E6C9F8E-B1E7-4981-80C2-250AA68C889B}
		{417860B1-1A9A-49C7-B87B-42ADAC6C75EA} = {54261F7F-D8D7-4AE5-9EB0-5112692C6978}
		{0F20B5F3-3BD1-4743-AF3F-2F6F1713C46E} = {4E86948A-409B-470B-9E37-1EC51C1D60C4}
		{17573BC5-81A9-4AFB-A345-D3CDF8D43C43} = {4E86948A-409B-470B-9E37-1EC51C1D60C4}
		{77DC4B09-5E38-4D30-A23A-332C777CF43D} = {48E5AB65-42FD-4495-8250-80E4A2807D4A}
	EndGlobalSection
EndGlobal
